
Microsoft Visual Studio Solution File, Format Version 12.00
# Visual Studio Version 17
VisualStudioVersion = 17.12.35527.113 d17.12
MinimumVisualStudioVersion = 10.0.40219.1
Project("{FAE04EC0-301F-11D3-BF4B-00C04F79EFBC}") = "SharedLibrary", "SharedLibrary\SharedLibrary.csproj", "{53B2EC33-CECE-4DBD-97D8-574A75CEB26C}"
EndProject
Project("{FAE04EC0-301F-11D3-BF4B-00C04F79EFBC}") = "WebApi", "WebApi\WebApi.csproj", "{C9320565-52EF-443C-A5E4-33F6FC75F74A}"
EndProject
Project("{FAE04EC0-301F-11D3-BF4B-00C04F79EFBC}") = "Blazor", "Blazor\Blazor.csproj", "{7D504CA5-2C4B-4CDF-B5B1-771A47CACEC6}"
EndProject
Global
	GlobalSection(SolutionConfigurationPlatforms) = preSolution
		Debug|Any CPU = Debug|Any CPU
		Release|Any CPU = Release|Any CPU
	EndGlobalSection
	GlobalSection(ProjectConfigurationPlatforms) = postSolution
		{53B2EC33-CECE-4DBD-97D8-574A75CEB26C}.Debug|Any CPU.ActiveCfg = Debug|Any CPU
		{53B2EC33-CECE-4DBD-97D8-574A75CEB26C}.Debug|Any CPU.Build.0 = Debug|Any CPU
		{53B2EC33-CECE-4DBD-97D8-574A75CEB26C}.Release|Any CPU.ActiveCfg = Release|Any CPU
		{53B2EC33-CECE-4DBD-97D8-574A75CEB26C}.Release|Any CPU.Build.0 = Release|Any CPU
		{C9320565-52EF-443C-A5E4-33F6FC75F74A}.Debug|Any CPU.ActiveCfg = Debug|Any CPU
		{C9320565-52EF-443C-A5E4-33F6FC75F74A}.Debug|Any CPU.Build.0 = Debug|Any CPU
		{C9320565-52EF-443C-A5E4-33F6FC75F74A}.Release|Any CPU.ActiveCfg = Release|Any CPU
		{C9320565-52EF-443C-A5E4-33F6FC75F74A}.Release|Any CPU.Build.0 = Release|Any CPU
		{C9320565-52EF-443C-A5E4-33F6FC75F74A}.Debug|Any CPU.Deploy.0 = Debug|Any CPU
		{7D504CA5-2C4B-4CDF-B5B1-771A47CACEC6}.Debug|Any CPU.ActiveCfg = Debug|Any CPU
		{7D504CA5-2C4B-4CDF-B5B1-771A47CACEC6}.Debug|Any CPU.Build.0 = Debug|Any CPU
		{7D504CA5-2C4B-4CDF-B5B1-771A47CACEC6}.Release|Any CPU.ActiveCfg = Release|Any CPU
		{7D504CA5-2C4B-4CDF-B5B1-771A47CACEC6}.Release|Any CPU.Build.0 = Release|Any CPU
		{7D504CA5-2C4B-4CDF-B5B1-771A47CACEC6}.Debug|Any CPU.Deploy.0 = Debug|Any CPU
	EndGlobalSection
	GlobalSection(SolutionProperties) = preSolution
		HideSolutionNode = FALSE
	EndGlobalSection
EndGlobal
